
Microsoft Visual Studio Solution File, Format Version 12.00
# Visual Studio 14
VisualStudioVersion = 14.0.22823.1
MinimumVisualStudioVersion = 10.0.40219.1
Project("{2150E333-8FDC-42A3-9474-1A3956D46DE8}") = "src", "src", "{A2D0C94C-D094-451F-8212-BF410F421403}"
EndProject
Project("{2150E333-8FDC-42A3-9474-1A3956D46DE8}") = "Solution Items", "Solution Items", "{61303C3B-8DDF-48F4-9E2E-F4DE2A2ECB00}"
	ProjectSection(SolutionItems) = preProject
		global.json = global.json
	EndProjectSection
EndProject
Project("{8BB2217D-0F2D-49D1-97BC-3654ED321F3B}") = "SciVacancies.WebApp", "src\SciVacancies.WebApp\SciVacancies.WebApp.xproj", "{4FEBD113-616F-4B86-8432-5D1960E03E9D}"
EndProject
Project("{8BB2217D-0F2D-49D1-97BC-3654ED321F3B}") = "SciVacancies.Domain", "src\SciVacancies.Domain\SciVacancies.Domain.xproj", "{414C7229-BBA5-4FAC-8323-B72C2CFB5F82}"
EndProject
Project("{8BB2217D-0F2D-49D1-97BC-3654ED321F3B}") = "SciVacancies.Domain.Events", "src\SciVacancies.Domain.Events\SciVacancies.Domain.Events.xproj", "{3DFD8352-845D-4D09-A316-EE86F79A7046}"
EndProject
Project("{8BB2217D-0F2D-49D1-97BC-3654ED321F3B}") = "SciVacancies.MssqlDB", "src\SciVacancies.MssqlDB\SciVacancies.MssqlDB.xproj", "{0DE16481-F214-4245-B101-35A9794C494D}"
EndProject
Project("{2150E333-8FDC-42A3-9474-1A3956D46DE8}") = "test", "test", "{FAB14FB7-7F4F-492A-BCE6-F142C0E4E830}"
EndProject
Project("{8BB2217D-0F2D-49D1-97BC-3654ED321F3B}") = "SciVacancies.IntegrationTests", "test\SciVacancies.IntegrationTests\SciVacancies.IntegrationTests.xproj", "{73ABEF6F-CEF7-4817-B154-9EFCCFA460C9}"
EndProject
Project("{8BB2217D-0F2D-49D1-97BC-3654ED321F3B}") = "SciVacancies.PostgresqlDB", "src\SciVacancies.PostgresqlDB\SciVacancies.PostgresqlDB.xproj", "{C8EE0968-4509-4C46-BDAD-7DA001573430}"
EndProject
Project("{8BB2217D-0F2D-49D1-97BC-3654ED321F3B}") = "SciVacancies.ReadModel", "src\SciVacancies.ReadModel\SciVacancies.ReadModel.xproj", "{6F9A7A3D-EBBB-44B7-9198-6318CB28BAC0}"
EndProject
Project("{8BB2217D-0F2D-49D1-97BC-3654ED321F3B}") = "SciVacancies.Domain.Aggregates", "src\SciVacancies.Domain.Aggregates\SciVacancies.Domain.Aggregates.xproj", "{D33BA714-70FE-4EAE-932A-BD702638997A}"
EndProject
Project("{2150E333-8FDC-42A3-9474-1A3956D46DE8}") = "sandbox", "sandbox", "{25A2FE1E-37FD-4C5F-B53B-A715D0A1EB70}"
EndProject
Project("{8BB2217D-0F2D-49D1-97BC-3654ED321F3B}") = "SciVacancies.SandBox", "sandbox\SciVacancies.SandBox\SciVacancies.SandBox.xproj", "{672A407F-D46D-43A5-B6B1-2A325746B288}"
EndProject
Global
	GlobalSection(SolutionConfigurationPlatforms) = preSolution
		Debug|Any CPU = Debug|Any CPU
		Release|Any CPU = Release|Any CPU
	EndGlobalSection
	GlobalSection(ProjectConfigurationPlatforms) = postSolution
		{4FEBD113-616F-4B86-8432-5D1960E03E9D}.Debug|Any CPU.ActiveCfg = Debug|Any CPU
		{4FEBD113-616F-4B86-8432-5D1960E03E9D}.Debug|Any CPU.Build.0 = Debug|Any CPU
		{4FEBD113-616F-4B86-8432-5D1960E03E9D}.Release|Any CPU.ActiveCfg = Release|Any CPU
		{4FEBD113-616F-4B86-8432-5D1960E03E9D}.Release|Any CPU.Build.0 = Release|Any CPU
		{414C7229-BBA5-4FAC-8323-B72C2CFB5F82}.Debug|Any CPU.ActiveCfg = Debug|Any CPU
		{414C7229-BBA5-4FAC-8323-B72C2CFB5F82}.Debug|Any CPU.Build.0 = Debug|Any CPU
		{414C7229-BBA5-4FAC-8323-B72C2CFB5F82}.Release|Any CPU.ActiveCfg = Release|Any CPU
		{414C7229-BBA5-4FAC-8323-B72C2CFB5F82}.Release|Any CPU.Build.0 = Release|Any CPU
		{3DFD8352-845D-4D09-A316-EE86F79A7046}.Debug|Any CPU.ActiveCfg = Debug|Any CPU
		{3DFD8352-845D-4D09-A316-EE86F79A7046}.Debug|Any CPU.Build.0 = Debug|Any CPU
		{3DFD8352-845D-4D09-A316-EE86F79A7046}.Release|Any CPU.ActiveCfg = Release|Any CPU
		{3DFD8352-845D-4D09-A316-EE86F79A7046}.Release|Any CPU.Build.0 = Release|Any CPU
		{0DE16481-F214-4245-B101-35A9794C494D}.Debug|Any CPU.ActiveCfg = Debug|Any CPU
		{0DE16481-F214-4245-B101-35A9794C494D}.Debug|Any CPU.Build.0 = Debug|Any CPU
		{0DE16481-F214-4245-B101-35A9794C494D}.Release|Any CPU.ActiveCfg = Release|Any CPU
		{0DE16481-F214-4245-B101-35A9794C494D}.Release|Any CPU.Build.0 = Release|Any CPU
		{73ABEF6F-CEF7-4817-B154-9EFCCFA460C9}.Debug|Any CPU.ActiveCfg = Debug|Any CPU
		{73ABEF6F-CEF7-4817-B154-9EFCCFA460C9}.Debug|Any CPU.Build.0 = Debug|Any CPU
		{73ABEF6F-CEF7-4817-B154-9EFCCFA460C9}.Release|Any CPU.ActiveCfg = Release|Any CPU
		{73ABEF6F-CEF7-4817-B154-9EFCCFA460C9}.Release|Any CPU.Build.0 = Release|Any CPU
		{C8EE0968-4509-4C46-BDAD-7DA001573430}.Debug|Any CPU.ActiveCfg = Debug|Any CPU
		{C8EE0968-4509-4C46-BDAD-7DA001573430}.Debug|Any CPU.Build.0 = Debug|Any CPU
		{C8EE0968-4509-4C46-BDAD-7DA001573430}.Release|Any CPU.ActiveCfg = Release|Any CPU
		{C8EE0968-4509-4C46-BDAD-7DA001573430}.Release|Any CPU.Build.0 = Release|Any CPU
		{6F9A7A3D-EBBB-44B7-9198-6318CB28BAC0}.Debug|Any CPU.ActiveCfg = Debug|Any CPU
		{6F9A7A3D-EBBB-44B7-9198-6318CB28BAC0}.Debug|Any CPU.Build.0 = Debug|Any CPU
		{6F9A7A3D-EBBB-44B7-9198-6318CB28BAC0}.Release|Any CPU.ActiveCfg = Release|Any CPU
		{6F9A7A3D-EBBB-44B7-9198-6318CB28BAC0}.Release|Any CPU.Build.0 = Release|Any CPU
		{D33BA714-70FE-4EAE-932A-BD702638997A}.Debug|Any CPU.ActiveCfg = Debug|Any CPU
		{D33BA714-70FE-4EAE-932A-BD702638997A}.Debug|Any CPU.Build.0 = Debug|Any CPU
		{D33BA714-70FE-4EAE-932A-BD702638997A}.Release|Any CPU.ActiveCfg = Release|Any CPU
		{D33BA714-70FE-4EAE-932A-BD702638997A}.Release|Any CPU.Build.0 = Release|Any CPU
		{672A407F-D46D-43A5-B6B1-2A325746B288}.Debug|Any CPU.ActiveCfg = Debug|Any CPU
		{672A407F-D46D-43A5-B6B1-2A325746B288}.Debug|Any CPU.Build.0 = Debug|Any CPU
		{672A407F-D46D-43A5-B6B1-2A325746B288}.Release|Any CPU.ActiveCfg = Release|Any CPU
		{672A407F-D46D-43A5-B6B1-2A325746B288}.Release|Any CPU.Build.0 = Release|Any CPU
	EndGlobalSection
	GlobalSection(SolutionProperties) = preSolution
		HideSolutionNode = FALSE
	EndGlobalSection
	GlobalSection(NestedProjects) = preSolution
		{4FEBD113-616F-4B86-8432-5D1960E03E9D} = {A2D0C94C-D094-451F-8212-BF410F421403}
		{414C7229-BBA5-4FAC-8323-B72C2CFB5F82} = {A2D0C94C-D094-451F-8212-BF410F421403}
		{3DFD8352-845D-4D09-A316-EE86F79A7046} = {A2D0C94C-D094-451F-8212-BF410F421403}
		{0DE16481-F214-4245-B101-35A9794C494D} = {A2D0C94C-D094-451F-8212-BF410F421403}
		{73ABEF6F-CEF7-4817-B154-9EFCCFA460C9} = {FAB14FB7-7F4F-492A-BCE6-F142C0E4E830}
		{C8EE0968-4509-4C46-BDAD-7DA001573430} = {A2D0C94C-D094-451F-8212-BF410F421403}
		{6F9A7A3D-EBBB-44B7-9198-6318CB28BAC0} = {A2D0C94C-D094-451F-8212-BF410F421403}
		{D33BA714-70FE-4EAE-932A-BD702638997A} = {A2D0C94C-D094-451F-8212-BF410F421403}
		{672A407F-D46D-43A5-B6B1-2A325746B288} = {25A2FE1E-37FD-4C5F-B53B-A715D0A1EB70}
	EndGlobalSection
EndGlobal
